
Microsoft Visual Studio Solution File, Format Version 12.00
# Visual Studio 15
VisualStudioVersion = 15.0.27703.2047
MinimumVisualStudioVersion = 10.0.40219.1
Project("{FAE04EC0-301F-11D3-BF4B-00C04F79EFBC}") = "StructIntro", "StructIntro\StructIntro.csproj", "{C05B031A-047D-40A0-B963-5BC4EBB797F3}"
EndProject
Global
	GlobalSection(SolutionConfigurationPlatforms) = preSolution
		Debug|Any CPU = Debug|Any CPU
		Release|Any CPU = Release|Any CPU
	EndGlobalSection
	GlobalSection(ProjectConfigurationPlatforms) = postSolution
		{C05B031A-047D-40A0-B963-5BC4EBB797F3}.Debug|Any CPU.ActiveCfg = Debug|Any CPU
		{C05B031A-047D-40A0-B963-5BC4EBB797F3}.Debug|Any CPU.Build.0 = Debug|Any CPU
		{C05B031A-047D-40A0-B963-5BC4EBB797F3}.Release|Any CPU.ActiveCfg = Release|Any CPU
		{C05B031A-047D-40A0-B963-5BC4EBB797F3}.Release|Any CPU.Build.0 = Release|Any CPU
	EndGlobalSection
	GlobalSection(SolutionProperties) = preSolution
		HideSolutionNode = FALSE
	EndGlobalSection
	GlobalSection(ExtensibilityGlobals) = postSolution
		SolutionGuid = {8DA79B9F-1DA5-480F-B91F-FFC81F12FD73}
	EndGlobalSection
EndGlobal
